// !$*UTF8*$!
{
	archiveVersion = 1;
	classes = {
	};
	objectVersion = 50;
	objects = {

/* Begin PBXBuildFile section */
		5CD01BE3262EF52A00FB5511 /* AppDelegate.swift in Sources */ = {isa = PBXBuildFile; fileRef = 5CD01BE2262EF52A00FB5511 /* AppDelegate.swift */; };
		5CD01BE5262EF52A00FB5511 /* SceneDelegate.swift in Sources */ = {isa = PBXBuildFile; fileRef = 5CD01BE4262EF52A00FB5511 /* SceneDelegate.swift */; };
		5CD01BE7262EF52A00FB5511 /* ViewController.swift in Sources */ = {isa = PBXBuildFile; fileRef = 5CD01BE6262EF52A00FB5511 /* ViewController.swift */; };
		5CD01BEA262EF52A00FB5511 /* Main.storyboard in Resources */ = {isa = PBXBuildFile; fileRef = 5CD01BE8262EF52A00FB5511 /* Main.storyboard */; };
		5CD01BEC262EF52D00FB5511 /* Assets.xcassets in Resources */ = {isa = PBXBuildFile; fileRef = 5CD01BEB262EF52D00FB5511 /* Assets.xcassets */; };
		5CD01BEF262EF52D00FB5511 /* LaunchScreen.storyboard in Resources */ = {isa = PBXBuildFile; fileRef = 5CD01BED262EF52D00FB5511 /* LaunchScreen.storyboard */; };
		5CD01BFA262EF52D00FB5511 /* DiceTests.swift in Sources */ = {isa = PBXBuildFile; fileRef = 5CD01BF9262EF52D00FB5511 /* DiceTests.swift */; };
		5CD01C05262EF52D00FB5511 /* DiceUITests.swift in Sources */ = {isa = PBXBuildFile; fileRef = 5CD01C04262EF52D00FB5511 /* DiceUITests.swift */; };
/* End PBXBuildFile section */

/* Begin PBXContainerItemProxy section */
		5CD01BF6262EF52D00FB5511 /* PBXContainerItemProxy */ = {
			isa = PBXContainerItemProxy;
			containerPortal = 5CD01BD7262EF52900FB5511 /* Project object */;
			proxyType = 1;
			remoteGlobalIDString = 5CD01BDE262EF52900FB5511;
			remoteInfo = Dice;
		};
		5CD01C01262EF52D00FB5511 /* PBXContainerItemProxy */ = {
			isa = PBXContainerItemProxy;
			containerPortal = 5CD01BD7262EF52900FB5511 /* Project object */;
			proxyType = 1;
			remoteGlobalIDString = 5CD01BDE262EF52900FB5511;
			remoteInfo = Dice;
		};
/* End PBXContainerItemProxy section */

/* Begin PBXFileReference section */
		5CD01BDF262EF52900FB5511 /* Dice.app */ = {isa = PBXFileReference; explicitFileType = wrapper.application; includeInIndex = 0; path = Dice.app; sourceTree = BUILT_PRODUCTS_DIR; };
		5CD01BE2262EF52A00FB5511 /* AppDelegate.swift */ = {isa = PBXFileReference; lastKnownFileType = sourcecode.swift; path = AppDelegate.swift; sourceTree = "<group>"; };
		5CD01BE4262EF52A00FB5511 /* SceneDelegate.swift */ = {isa = PBXFileReference; lastKnownFileType = sourcecode.swift; path = SceneDelegate.swift; sourceTree = "<group>"; };
		5CD01BE6262EF52A00FB5511 /* ViewController.swift */ = {isa = PBXFileReference; lastKnownFileType = sourcecode.swift; path = ViewController.swift; sourceTree = "<group>"; };
		5CD01BE9262EF52A00FB5511 /* Base */ = {isa = PBXFileReference; lastKnownFileType = file.storyboard; name = Base; path = Base.lproj/Main.storyboard; sourceTree = "<group>"; };
		5CD01BEB262EF52D00FB5511 /* Assets.xcassets */ = {isa = PBXFileReference; lastKnownFileType = folder.assetcatalog; path = Assets.xcassets; sourceTree = "<group>"; };
		5CD01BEE262EF52D00FB5511 /* Base */ = {isa = PBXFileReference; lastKnownFileType = file.storyboard; name = Base; path = Base.lproj/LaunchScreen.storyboard; sourceTree = "<group>"; };
		5CD01BF0262EF52D00FB5511 /* Info.plist */ = {isa = PBXFileReference; lastKnownFileType = text.plist.xml; path = Info.plist; sourceTree = "<group>"; };
		5CD01BF5262EF52D00FB5511 /* DiceTests.xctest */ = {isa = PBXFileReference; explicitFileType = wrapper.cfbundle; includeInIndex = 0; path = DiceTests.xctest; sourceTree = BUILT_PRODUCTS_DIR; };
		5CD01BF9262EF52D00FB5511 /* DiceTests.swift */ = {isa = PBXFileReference; lastKnownFileType = sourcecode.swift; path = DiceTests.swift; sourceTree = "<group>"; };
		5CD01BFB262EF52D00FB5511 /* Info.plist */ = {isa = PBXFileReference; lastKnownFileType = text.plist.xml; path = Info.plist; sourceTree = "<group>"; };
		5CD01C00262EF52D00FB5511 /* DiceUITests.xctest */ = {isa = PBXFileReference; explicitFileType = wrapper.cfbundle; includeInIndex = 0; path = DiceUITests.xctest; sourceTree = BUILT_PRODUCTS_DIR; };
		5CD01C04262EF52D00FB5511 /* DiceUITests.swift */ = {isa = PBXFileReference; lastKnownFileType = sourcecode.swift; path = DiceUITests.swift; sourceTree = "<group>"; };
		5CD01C06262EF52D00FB5511 /* Info.plist */ = {isa = PBXFileReference; lastKnownFileType = text.plist.xml; path = Info.plist; sourceTree = "<group>"; };
/* End PBXFileReference section */

/* Begin PBXFrameworksBuildPhase section */
		5CD01BDC262EF52900FB5511 /* Frameworks */ = {
			isa = PBXFrameworksBuildPhase;
			buildActionMask = 2147483647;
			files = (
			);
			runOnlyForDeploymentPostprocessing = 0;
		};
		5CD01BF2262EF52D00FB5511 /* Frameworks */ = {
			isa = PBXFrameworksBuildPhase;
			buildActionMask = 2147483647;
			files = (
			);
			runOnlyForDeploymentPostprocessing = 0;
		};
		5CD01BFD262EF52D00FB5511 /* Frameworks */ = {
			isa = PBXFrameworksBuildPhase;
			buildActionMask = 2147483647;
			files = (
			);
			runOnlyForDeploymentPostprocessing = 0;
		};
/* End PBXFrameworksBuildPhase section */

/* Begin PBXGroup section */
		5CD01BD6262EF52900FB5511 = {
			isa = PBXGroup;
			children = (
				5CD01BE1262EF52900FB5511 /* Dice */,
				5CD01BF8262EF52D00FB5511 /* DiceTests */,
				5CD01C03262EF52D00FB5511 /* DiceUITests */,
				5CD01BE0262EF52900FB5511 /* Products */,
			);
			sourceTree = "<group>";
		};
		5CD01BE0262EF52900FB5511 /* Products */ = {
			isa = PBXGroup;
			children = (
				5CD01BDF262EF52900FB5511 /* Dice.app */,
				5CD01BF5262EF52D00FB5511 /* DiceTests.xctest */,
				5CD01C00262EF52D00FB5511 /* DiceUITests.xctest */,
			);
			name = Products;
			sourceTree = "<group>";
		};
		5CD01BE1262EF52900FB5511 /* Dice */ = {
			isa = PBXGroup;
			children = (
				5CD01BE2262EF52A00FB5511 /* AppDelegate.swift */,
				5CD01BE4262EF52A00FB5511 /* SceneDelegate.swift */,
				5CD01BE6262EF52A00FB5511 /* ViewController.swift */,
				5CD01BE8262EF52A00FB5511 /* Main.storyboard */,
				5CD01BEB262EF52D00FB5511 /* Assets.xcassets */,
				5CD01BED262EF52D00FB5511 /* LaunchScreen.storyboard */,
				5CD01BF0262EF52D00FB5511 /* Info.plist */,
			);
			path = Dice;
			sourceTree = "<group>";
		};
		5CD01BF8262EF52D00FB5511 /* DiceTests */ = {
			isa = PBXGroup;
			children = (
				5CD01BF9262EF52D00FB5511 /* DiceTests.swift */,
				5CD01BFB262EF52D00FB5511 /* Info.plist */,
			);
			path = DiceTests;
			sourceTree = "<group>";
		};
		5CD01C03262EF52D00FB5511 /* DiceUITests */ = {
			isa = PBXGroup;
			children = (
				5CD01C04262EF52D00FB5511 /* DiceUITests.swift */,
				5CD01C06262EF52D00FB5511 /* Info.plist */,
			);
			path = DiceUITests;
			sourceTree = "<group>";
		};
/* End PBXGroup section */

/* Begin PBXNativeTarget section */
		5CD01BDE262EF52900FB5511 /* Dice */ = {
			isa = PBXNativeTarget;
			buildConfigurationList = 5CD01C09262EF52D00FB5511 /* Build configuration list for PBXNativeTarget "Dice" */;
			buildPhases = (
				5CD01BDB262EF52900FB5511 /* Sources */,
				5CD01BDC262EF52900FB5511 /* Frameworks */,
				5CD01BDD262EF52900FB5511 /* Resources */,
			);
			buildRules = (
			);
			dependencies = (
			);
			name = Dice;
			productName = Dice;
			productReference = 5CD01BDF262EF52900FB5511 /* Dice.app */;
			productType = "com.apple.product-type.application";
		};
		5CD01BF4262EF52D00FB5511 /* DiceTests */ = {
			isa = PBXNativeTarget;
			buildConfigurationList = 5CD01C0C262EF52D00FB5511 /* Build configuration list for PBXNativeTarget "DiceTests" */;
			buildPhases = (
				5CD01BF1262EF52D00FB5511 /* Sources */,
				5CD01BF2262EF52D00FB5511 /* Frameworks */,
				5CD01BF3262EF52D00FB5511 /* Resources */,
			);
			buildRules = (
			);
			dependencies = (
				5CD01BF7262EF52D00FB5511 /* PBXTargetDependency */,
			);
			name = DiceTests;
			productName = DiceTests;
			productReference = 5CD01BF5262EF52D00FB5511 /* DiceTests.xctest */;
			productType = "com.apple.product-type.bundle.unit-test";
		};
		5CD01BFF262EF52D00FB5511 /* DiceUITests */ = {
			isa = PBXNativeTarget;
			buildConfigurationList = 5CD01C0F262EF52D00FB5511 /* Build configuration list for PBXNativeTarget "DiceUITests" */;
			buildPhases = (
				5CD01BFC262EF52D00FB5511 /* Sources */,
				5CD01BFD262EF52D00FB5511 /* Frameworks */,
				5CD01BFE262EF52D00FB5511 /* Resources */,
			);
			buildRules = (
			);
			dependencies = (
				5CD01C02262EF52D00FB5511 /* PBXTargetDependency */,
			);
			name = DiceUITests;
			productName = DiceUITests;
			productReference = 5CD01C00262EF52D00FB5511 /* DiceUITests.xctest */;
			productType = "com.apple.product-type.bundle.ui-testing";
		};
/* End PBXNativeTarget section */

/* Begin PBXProject section */
		5CD01BD7262EF52900FB5511 /* Project object */ = {
			isa = PBXProject;
			attributes = {
				LastSwiftUpdateCheck = 1240;
				LastUpgradeCheck = 1240;
				TargetAttributes = {
					5CD01BDE262EF52900FB5511 = {
						CreatedOnToolsVersion = 12.4;
					};
					5CD01BF4262EF52D00FB5511 = {
						CreatedOnToolsVersion = 12.4;
						TestTargetID = 5CD01BDE262EF52900FB5511;
					};
					5CD01BFF262EF52D00FB5511 = {
						CreatedOnToolsVersion = 12.4;
						TestTargetID = 5CD01BDE262EF52900FB5511;
					};
				};
			};
			buildConfigurationList = 5CD01BDA262EF52900FB5511 /* Build configuration list for PBXProject "Dice" */;
			compatibilityVersion = "Xcode 9.3";
			developmentRegion = en;
			hasScannedForEncodings = 0;
			knownRegions = (
				en,
				Base,
			);
			mainGroup = 5CD01BD6262EF52900FB5511;
			productRefGroup = 5CD01BE0262EF52900FB5511 /* Products */;
			projectDirPath = "";
			projectRoot = "";
			targets = (
				5CD01BDE262EF52900FB5511 /* Dice */,
				5CD01BF4262EF52D00FB5511 /* DiceTests */,
				5CD01BFF262EF52D00FB5511 /* DiceUITests */,
			);
		};
/* End PBXProject section */

/* Begin PBXResourcesBuildPhase section */
		5CD01BDD262EF52900FB5511 /* Resources */ = {
			isa = PBXResourcesBuildPhase;
			buildActionMask = 2147483647;
			files = (
				5CD01BEF262EF52D00FB5511 /* LaunchScreen.storyboard in Resources */,
				5CD01BEC262EF52D00FB5511 /* Assets.xcassets in Resources */,
				5CD01BEA262EF52A00FB5511 /* Main.storyboard in Resources */,
			);
			runOnlyForDeploymentPostprocessing = 0;
		};
		5CD01BF3262EF52D00FB5511 /* Resources */ = {
			isa = PBXResourcesBuildPhase;
			buildActionMask = 2147483647;
			files = (
			);
			runOnlyForDeploymentPostprocessing = 0;
		};
		5CD01BFE262EF52D00FB5511 /* Resources */ = {
			isa = PBXResourcesBuildPhase;
			buildActionMask = 2147483647;
			files = (
			);
			runOnlyForDeploymentPostprocessing = 0;
		};
/* End PBXResourcesBuildPhase section */

/* Begin PBXSourcesBuildPhase section */
		5CD01BDB262EF52900FB5511 /* Sources */ = {
			isa = PBXSourcesBuildPhase;
			buildActionMask = 2147483647;
			files = (
				5CD01BE7262EF52A00FB5511 /* ViewController.swift in Sources */,
				5CD01BE3262EF52A00FB5511 /* AppDelegate.swift in Sources */,
				5CD01BE5262EF52A00FB5511 /* SceneDelegate.swift in Sources */,
			);
			runOnlyForDeploymentPostprocessing = 0;
		};
		5CD01BF1262EF52D00FB5511 /* Sources */ = {
			isa = PBXSourcesBuildPhase;
			buildActionMask = 2147483647;
			files = (
				5CD01BFA262EF52D00FB5511 /* DiceTests.swift in Sources */,
			);
			runOnlyForDeploymentPostprocessing = 0;
		};
		5CD01BFC262EF52D00FB5511 /* Sources */ = {
			isa = PBXSourcesBuildPhase;
			buildActionMask = 2147483647;
			files = (
				5CD01C05262EF52D00FB5511 /* DiceUITests.swift in Sources */,
			);
			runOnlyForDeploymentPostprocessing = 0;
		};
/* End PBXSourcesBuildPhase section */

/* Begin PBXTargetDependency section */
		5CD01BF7262EF52D00FB5511 /* PBXTargetDependency */ = {
			isa = PBXTargetDependency;
			target = 5CD01BDE262EF52900FB5511 /* Dice */;
			targetProxy = 5CD01BF6262EF52D00FB5511 /* PBXContainerItemProxy */;
		};
		5CD01C02262EF52D00FB5511 /* PBXTargetDependency */ = {
			isa = PBXTargetDependency;
			target = 5CD01BDE262EF52900FB5511 /* Dice */;
			targetProxy = 5CD01C01262EF52D00FB5511 /* PBXContainerItemProxy */;
		};
/* End PBXTargetDependency section */

/* Begin PBXVariantGroup section */
		5CD01BE8262EF52A00FB5511 /* Main.storyboard */ = {
			isa = PBXVariantGroup;
			children = (
				5CD01BE9262EF52A00FB5511 /* Base */,
			);
			name = Main.storyboard;
			sourceTree = "<group>";
		};
		5CD01BED262EF52D00FB5511 /* LaunchScreen.storyboard */ = {
			isa = PBXVariantGroup;
			children = (
				5CD01BEE262EF52D00FB5511 /* Base */,
			);
			name = LaunchScreen.storyboard;
			sourceTree = "<group>";
		};
/* End PBXVariantGroup section */

/* Begin XCBuildConfiguration section */
		5CD01C07262EF52D00FB5511 /* Debug */ = {
			isa = XCBuildConfiguration;
			buildSettings = {
				ALWAYS_SEARCH_USER_PATHS = NO;
				CLANG_ANALYZER_NONNULL = YES;
				CLANG_ANALYZER_NUMBER_OBJECT_CONVERSION = YES_AGGRESSIVE;
				CLANG_CXX_LANGUAGE_STANDARD = "gnu++14";
				CLANG_CXX_LIBRARY = "libc++";
				CLANG_ENABLE_MODULES = YES;
				CLANG_ENABLE_OBJC_ARC = YES;
				CLANG_ENABLE_OBJC_WEAK = YES;
				CLANG_WARN_BLOCK_CAPTURE_AUTORELEASING = YES;
				CLANG_WARN_BOOL_CONVERSION = YES;
				CLANG_WARN_COMMA = YES;
				CLANG_WARN_CONSTANT_CONVERSION = YES;
				CLANG_WARN_DEPRECATED_OBJC_IMPLEMENTATIONS = YES;
				CLANG_WARN_DIRECT_OBJC_ISA_USAGE = YES_ERROR;
				CLANG_WARN_DOCUMENTATION_COMMENTS = YES;
				CLANG_WARN_EMPTY_BODY = YES;
				CLANG_WARN_ENUM_CONVERSION = YES;
				CLANG_WARN_INFINITE_RECURSION = YES;
				CLANG_WARN_INT_CONVERSION = YES;
				CLANG_WARN_NON_LITERAL_NULL_CONVERSION = YES;
				CLANG_WARN_OBJC_IMPLICIT_RETAIN_SELF = YES;
				CLANG_WARN_OBJC_LITERAL_CONVERSION = YES;
				CLANG_WARN_OBJC_ROOT_CLASS = YES_ERROR;
				CLANG_WARN_QUOTED_INCLUDE_IN_FRAMEWORK_HEADER = YES;
				CLANG_WARN_RANGE_LOOP_ANALYSIS = YES;
				CLANG_WARN_STRICT_PROTOTYPES = YES;
				CLANG_WARN_SUSPICIOUS_MOVE = YES;
				CLANG_WARN_UNGUARDED_AVAILABILITY = YES_AGGRESSIVE;
				CLANG_WARN_UNREACHABLE_CODE = YES;
				CLANG_WARN__DUPLICATE_METHOD_MATCH = YES;
				COPY_PHASE_STRIP = NO;
				DEBUG_INFORMATION_FORMAT = dwarf;
				ENABLE_STRICT_OBJC_MSGSEND = YES;
				ENABLE_TESTABILITY = YES;
				GCC_C_LANGUAGE_STANDARD = gnu11;
				GCC_DYNAMIC_NO_PIC = NO;
				GCC_NO_COMMON_BLOCKS = YES;
				GCC_OPTIMIZATION_LEVEL = 0;
				GCC_PREPROCESSOR_DEFINITIONS = (
					"DEBUG=1",
					"$(inherited)",
				);
				GCC_WARN_64_TO_32_BIT_CONVERSION = YES;
				GCC_WARN_ABOUT_RETURN_TYPE = YES_ERROR;
				GCC_WARN_UNDECLARED_SELECTOR = YES;
				GCC_WARN_UNINITIALIZED_AUTOS = YES_AGGRESSIVE;
				GCC_WARN_UNUSED_FUNCTION = YES;
				GCC_WARN_UNUSED_VARIABLE = YES;
				IPHONEOS_DEPLOYMENT_TARGET = 14.4;
				MTL_ENABLE_DEBUG_INFO = INCLUDE_SOURCE;
				MTL_FAST_MATH = YES;
				ONLY_ACTIVE_ARCH = YES;
				SDKROOT = iphoneos;
				SWIFT_ACTIVE_COMPILATION_CONDITIONS = DEBUG;
				SWIFT_OPTIMIZATION_LEVEL = "-Onone";
			};
			name = Debug;
		};
		5CD01C08262EF52D00FB5511 /* Release */ = {
			isa = XCBuildConfiguration;
			buildSettings = {
				ALWAYS_SEARCH_USER_PATHS = NO;
				CLANG_ANALYZER_NONNULL = YES;
				CLANG_ANALYZER_NUMBER_OBJECT_CONVERSION = YES_AGGRESSIVE;
				CLANG_CXX_LANGUAGE_STANDARD = "gnu++14";
				CLANG_CXX_LIBRARY = "libc++";
				CLANG_ENABLE_MODULES = YES;
				CLANG_ENABLE_OBJC_ARC = YES;
				CLANG_ENABLE_OBJC_WEAK = YES;
				CLANG_WARN_BLOCK_CAPTURE_AUTORELEASING = YES;
				CLANG_WARN_BOOL_CONVERSION = YES;
				CLANG_WARN_COMMA = YES;
				CLANG_WARN_CONSTANT_CONVERSION = YES;
				CLANG_WARN_DEPRECATED_OBJC_IMPLEMENTATIONS = YES;
				CLANG_WARN_DIRECT_OBJC_ISA_USAGE = YES_ERROR;
				CLANG_WARN_DOCUMENTATION_COMMENTS = YES;
				CLANG_WARN_EMPTY_BODY = YES;
				CLANG_WARN_ENUM_CONVERSION = YES;
				CLANG_WARN_INFINITE_RECURSION = YES;
				CLANG_WARN_INT_CONVERSION = YES;
				CLANG_WARN_NON_LITERAL_NULL_CONVERSION = YES;
				CLANG_WARN_OBJC_IMPLICIT_RETAIN_SELF = YES;
				CLANG_WARN_OBJC_LITERAL_CONVERSION = YES;
				CLANG_WARN_OBJC_ROOT_CLASS = YES_ERROR;
				CLANG_WARN_QUOTED_INCLUDE_IN_FRAMEWORK_HEADER = YES;
				CLANG_WARN_RANGE_LOOP_ANALYSIS = YES;
				CLANG_WARN_STRICT_PROTOTYPES = YES;
				CLANG_WARN_SUSPICIOUS_MOVE = YES;
				CLANG_WARN_UNGUARDED_AVAILABILITY = YES_AGGRESSIVE;
				CLANG_WARN_UNREACHABLE_CODE = YES;
				CLANG_WARN__DUPLICATE_METHOD_MATCH = YES;
				COPY_PHASE_STRIP = NO;
				DEBUG_INFORMATION_FORMAT = "dwarf-with-dsym";
				ENABLE_NS_ASSERTIONS = NO;
				ENABLE_STRICT_OBJC_MSGSEND = YES;
				GCC_C_LANGUAGE_STANDARD = gnu11;
				GCC_NO_COMMON_BLOCKS = YES;
				GCC_WARN_64_TO_32_BIT_CONVERSION = YES;
				GCC_WARN_ABOUT_RETURN_TYPE = YES_ERROR;
				GCC_WARN_UNDECLARED_SELECTOR = YES;
				GCC_WARN_UNINITIALIZED_AUTOS = YES_AGGRESSIVE;
				GCC_WARN_UNUSED_FUNCTION = YES;
				GCC_WARN_UNUSED_VARIABLE = YES;
				IPHONEOS_DEPLOYMENT_TARGET = 14.4;
				MTL_ENABLE_DEBUG_INFO = NO;
				MTL_FAST_MATH = YES;
				SDKROOT = iphoneos;
				SWIFT_COMPILATION_MODE = wholemodule;
				SWIFT_OPTIMIZATION_LEVEL = "-O";
				VALIDATE_PRODUCT = YES;
			};
			name = Release;
		};
		5CD01C0A262EF52D00FB5511 /* Debug */ = {
			isa = XCBuildConfiguration;
			buildSettings = {
				ASSETCATALOG_COMPILER_APPICON_NAME = AppIcon;
				ASSETCATALOG_COMPILER_GLOBAL_ACCENT_COLOR_NAME = AccentColor;
				CODE_SIGN_STYLE = Automatic;
				DEVELOPMENT_TEAM = N62N447LUW;
				INFOPLIST_FILE = Dice/Info.plist;
				LD_RUNPATH_SEARCH_PATHS = (
					"$(inherited)",
					"@executable_path/Frameworks",
				);
				PRODUCT_BUNDLE_IDENTIFIER = co.manvendupathak.Dice;
				PRODUCT_NAME = "$(TARGET_NAME)";
				SWIFT_VERSION = 5.0;
				TARGETED_DEVICE_FAMILY = "1,2";
			};
			name = Debug;
		};
		5CD01C0B262EF52D00FB5511 /* Release */ = {
			isa = XCBuildConfiguration;
			buildSettings = {
				ASSETCATALOG_COMPILER_APPICON_NAME = AppIcon;
				ASSETCATALOG_COMPILER_GLOBAL_ACCENT_COLOR_NAME = AccentColor;
				CODE_SIGN_STYLE = Automatic;
				DEVELOPMENT_TEAM = N62N447LUW;
				INFOPLIST_FILE = Dice/Info.plist;
				LD_RUNPATH_SEARCH_PATHS = (
					"$(inherited)",
					"@executable_path/Frameworks",
				);
				PRODUCT_BUNDLE_IDENTIFIER = co.manvendupathak.Dice;
				PRODUCT_NAME = "$(TARGET_NAME)";
				SWIFT_VERSION = 5.0;
				TARGETED_DEVICE_FAMILY = "1,2";
			};
			name = Release;
		};
		5CD01C0D262EF52D00FB5511 /* Debug */ = {
			isa = XCBuildConfiguration;
			buildSettings = {
				ALWAYS_EMBED_SWIFT_STANDARD_LIBRARIES = YES;
				BUNDLE_LOADER = "$(TEST_HOST)";
				CODE_SIGN_STYLE = Automatic;
				DEVELOPMENT_TEAM = N62N447LUW;
				INFOPLIST_FILE = DiceTests/Info.plist;
				IPHONEOS_DEPLOYMENT_TARGET = 14.4;
				LD_RUNPATH_SEARCH_PATHS = (
					"$(inherited)",
					"@executable_path/Frameworks",
					"@loader_path/Frameworks",
				);
				PRODUCT_BUNDLE_IDENTIFIER = co.manvendupathak.DiceTests;
				PRODUCT_NAME = "$(TARGET_NAME)";
				SWIFT_VERSION = 5.0;
				TARGETED_DEVICE_FAMILY = "1,2";
				TEST_HOST = "$(BUILT_PRODUCTS_DIR)/Dice.app/Dice";
			};
			name = Debug;
		};
		5CD01C0E262EF52D00FB5511 /* Release */ = {
			isa = XCBuildConfiguration;
			buildSettings = {
				ALWAYS_EMBED_SWIFT_STANDARD_LIBRARIES = YES;
				BUNDLE_LOADER = "$(TEST_HOST)";
				CODE_SIGN_STYLE = Automatic;
				DEVELOPMENT_TEAM = N62N447LUW;
				INFOPLIST_FILE = DiceTests/Info.plist;
				IPHONEOS_DEPLOYMENT_TARGET = 14.4;
				LD_RUNPATH_SEARCH_PATHS = (
					"$(inherited)",
					"@executable_path/Frameworks",
					"@loader_path/Frameworks",
				);
				PRODUCT_BUNDLE_IDENTIFIER = co.manvendupathak.DiceTests;
				PRODUCT_NAME = "$(TARGET_NAME)";
				SWIFT_VERSION = 5.0;
				TARGETED_DEVICE_FAMILY = "1,2";
				TEST_HOST = "$(BUILT_PRODUCTS_DIR)/Dice.app/Dice";
			};
			name = Release;
		};
		5CD01C10262EF52D00FB5511 /* Debug */ = {
			isa = XCBuildConfiguration;
			buildSettings = {
				ALWAYS_EMBED_SWIFT_STANDARD_LIBRARIES = YES;
				CODE_SIGN_STYLE = Automatic;
				DEVELOPMENT_TEAM = N62N447LUW;
				INFOPLIST_FILE = DiceUITests/Info.plist;
				LD_RUNPATH_SEARCH_PATHS = (
					"$(inherited)",
					"@executable_path/Frameworks",
					"@loader_path/Frameworks",
				);
				PRODUCT_BUNDLE_IDENTIFIER = co.manvendupathak.DiceUITests;
				PRODUCT_NAME = "$(TARGET_NAME)";
				SWIFT_VERSION = 5.0;
				TARGETED_DEVICE_FAMILY = "1,2";
				TEST_TARGET_NAME = Dice;
			};
			name = Debug;
		};
		5CD01C11262EF52D00FB5511 /* Release */ = {
			isa = XCBuildConfiguration;
			buildSettings = {
				ALWAYS_EMBED_SWIFT_STANDARD_LIBRARIES = YES;
				CODE_SIGN_STYLE = Automatic;
				DEVELOPMENT_TEAM = N62N447LUW;
				INFOPLIST_FILE = DiceUITests/Info.plist;
				LD_RUNPATH_SEARCH_PATHS = (
					"$(inherited)",
					"@executable_path/Frameworks",
					"@loader_path/Frameworks",
				);
				PRODUCT_BUNDLE_IDENTIFIER = co.manvendupathak.DiceUITests;
				PRODUCT_NAME = "$(TARGET_NAME)";
				SWIFT_VERSION = 5.0;
				TARGETED_DEVICE_FAMILY = "1,2";
				TEST_TARGET_NAME = Dice;
			};
			name = Release;
		};
/* End XCBuildConfiguration section */

/* Begin XCConfigurationList section */
		5CD01BDA262EF52900FB5511 /* Build configuration list for PBXProject "Dice" */ = {
			isa = XCConfigurationList;
			buildConfigurations = (
				5CD01C07262EF52D00FB5511 /* Debug */,
				5CD01C08262EF52D00FB5511 /* Release */,
			);
			defaultConfigurationIsVisible = 0;
			defaultConfigurationName = Release;
		};
		5CD01C09262EF52D00FB5511 /* Build configuration list for PBXNativeTarget "Dice" */ = {
			isa = XCConfigurationList;
			buildConfigurations = (
				5CD01C0A262EF52D00FB5511 /* Debug */,
				5CD01C0B262EF52D00FB5511 /* Release */,
			);
			defaultConfigurationIsVisible = 0;
			defaultConfigurationName = Release;
		};
		5CD01C0C262EF52D00FB5511 /* Build configuration list for PBXNativeTarget "DiceTests" */ = {
			isa = XCConfigurationList;
			buildConfigurations = (
				5CD01C0D262EF52D00FB5511 /* Debug */,
				5CD01C0E262EF52D00FB5511 /* Release */,
			);
			defaultConfigurationIsVisible = 0;
			defaultConfigurationName = Release;
		};
		5CD01C0F262EF52D00FB5511 /* Build configuration list for PBXNativeTarget "DiceUITests" */ = {
			isa = XCConfigurationList;
			buildConfigurations = (
				5CD01C10262EF52D00FB5511 /* Debug */,
				5CD01C11262EF52D00FB5511 /* Release */,
			);
			defaultConfigurationIsVisible = 0;
			defaultConfigurationName = Release;
		};
/* End XCConfigurationList section */
	};
	rootObject = 5CD01BD7262EF52900FB5511 /* Project object */;
}
